
Microsoft Visual Studio Solution File, Format Version 12.00
# Visual Studio Version 17
VisualStudioVersion = 17.5.002.0
MinimumVisualStudioVersion = 10.0.40219.1
Project("{9A19103F-16F7-4668-BE54-9A1E7A4F7556}") = "Atividade-Leet", "Atividade-Leet.csproj", "{EFD7B4C5-EF66-496A-B3FE-03193F4DFE4A}"
EndProject
Global
	GlobalSection(SolutionConfigurationPlatforms) = preSolution
		Debug|Any CPU = Debug|Any CPU
		Release|Any CPU = Release|Any CPU
	EndGlobalSection
	GlobalSection(ProjectConfigurationPlatforms) = postSolution
		{EFD7B4C5-EF66-496A-B3FE-03193F4DFE4A}.Debug|Any CPU.ActiveCfg = Debug|Any CPU
		{EFD7B4C5-EF66-496A-B3FE-03193F4DFE4A}.Debug|Any CPU.Build.0 = Debug|Any CPU
		{EFD7B4C5-EF66-496A-B3FE-03193F4DFE4A}.Release|Any CPU.ActiveCfg = Release|Any CPU
		{EFD7B4C5-EF66-496A-B3FE-03193F4DFE4A}.Release|Any CPU.Build.0 = Release|Any CPU
	EndGlobalSection
	GlobalSection(SolutionProperties) = preSolution
		HideSolutionNode = FALSE
	EndGlobalSection
	GlobalSection(ExtensibilityGlobals) = postSolution
		SolutionGuid = {D9D575F7-48D8-49FF-8053-568BFC10D3BF}
	EndGlobalSection
EndGlobal
